
Microsoft Visual Studio Solution File, Format Version 12.00
Project("{FAE04EC0-301F-11D3-BF4B-00C04F79EFBC}") = "Web", "Web\Web.csproj", "{6DFF552F-59E8-4C5F-B396-F6AE93F846BE}"
EndProject
Project("{FAE04EC0-301F-11D3-BF4B-00C04F79EFBC}") = "Application", "Application\Application.csproj", "{E9852756-35AD-43C4-AAAB-96BDBAF2257C}"
EndProject
Project("{FAE04EC0-301F-11D3-BF4B-00C04F79EFBC}") = "Domain", "Domain\Domain.csproj", "{9933C76A-CD8E-40F4-AEE9-2F21B62408F5}"
EndProject
Project("{FAE04EC0-301F-11D3-BF4B-00C04F79EFBC}") = "Infrastructure", "Infrastructure\Infrastructure.csproj", "{F0CCD45F-003C-4A63-8501-FDB463C295E7}"
EndProject
Project("{2150E333-8FDC-42A3-9474-1A3956D46DE8}") = "Tests", "Tests", "{04AF5F67-0C2D-454E-90E5-4071321C8341}"
EndProject
Project("{FAE04EC0-301F-11D3-BF4B-00C04F79EFBC}") = "Domain.Test.UnitTests", "Domain.Test.UnitTests\Domain.Test.UnitTests.csproj", "{BEC2B6E2-AEE8-46E6-8B07-FC77AE71EEB4}"
EndProject
Project("{2150E333-8FDC-42A3-9474-1A3956D46DE8}") = "Solution Items", "Solution Items", "{F4420A5D-5CFF-4B29-B93D-744E92DF0718}"
	ProjectSection(SolutionItems) = preProject
		docker-compose.yml = docker-compose.yml
	EndProjectSection
EndProject
Global
	GlobalSection(SolutionConfigurationPlatforms) = preSolution
		Debug|Any CPU = Debug|Any CPU
		Release|Any CPU = Release|Any CPU
	EndGlobalSection
	GlobalSection(ProjectConfigurationPlatforms) = postSolution
		{6DFF552F-59E8-4C5F-B396-F6AE93F846BE}.Debug|Any CPU.ActiveCfg = Debug|Any CPU
		{6DFF552F-59E8-4C5F-B396-F6AE93F846BE}.Debug|Any CPU.Build.0 = Debug|Any CPU
		{6DFF552F-59E8-4C5F-B396-F6AE93F846BE}.Release|Any CPU.ActiveCfg = Release|Any CPU
		{6DFF552F-59E8-4C5F-B396-F6AE93F846BE}.Release|Any CPU.Build.0 = Release|Any CPU
		{E9852756-35AD-43C4-AAAB-96BDBAF2257C}.Debug|Any CPU.ActiveCfg = Debug|Any CPU
		{E9852756-35AD-43C4-AAAB-96BDBAF2257C}.Debug|Any CPU.Build.0 = Debug|Any CPU
		{E9852756-35AD-43C4-AAAB-96BDBAF2257C}.Release|Any CPU.ActiveCfg = Release|Any CPU
		{E9852756-35AD-43C4-AAAB-96BDBAF2257C}.Release|Any CPU.Build.0 = Release|Any CPU
		{9933C76A-CD8E-40F4-AEE9-2F21B62408F5}.Debug|Any CPU.ActiveCfg = Debug|Any CPU
		{9933C76A-CD8E-40F4-AEE9-2F21B62408F5}.Debug|Any CPU.Build.0 = Debug|Any CPU
		{9933C76A-CD8E-40F4-AEE9-2F21B62408F5}.Release|Any CPU.ActiveCfg = Release|Any CPU
		{9933C76A-CD8E-40F4-AEE9-2F21B62408F5}.Release|Any CPU.Build.0 = Release|Any CPU
		{F0CCD45F-003C-4A63-8501-FDB463C295E7}.Debug|Any CPU.ActiveCfg = Debug|Any CPU
		{F0CCD45F-003C-4A63-8501-FDB463C295E7}.Debug|Any CPU.Build.0 = Debug|Any CPU
		{F0CCD45F-003C-4A63-8501-FDB463C295E7}.Release|Any CPU.ActiveCfg = Release|Any CPU
		{F0CCD45F-003C-4A63-8501-FDB463C295E7}.Release|Any CPU.Build.0 = Release|Any CPU
		{BEC2B6E2-AEE8-46E6-8B07-FC77AE71EEB4}.Debug|Any CPU.ActiveCfg = Debug|Any CPU
		{BEC2B6E2-AEE8-46E6-8B07-FC77AE71EEB4}.Debug|Any CPU.Build.0 = Debug|Any CPU
		{BEC2B6E2-AEE8-46E6-8B07-FC77AE71EEB4}.Release|Any CPU.ActiveCfg = Release|Any CPU
		{BEC2B6E2-AEE8-46E6-8B07-FC77AE71EEB4}.Release|Any CPU.Build.0 = Release|Any CPU
	EndGlobalSection
	GlobalSection(NestedProjects) = preSolution
		{BEC2B6E2-AEE8-46E6-8B07-FC77AE71EEB4} = {04AF5F67-0C2D-454E-90E5-4071321C8341}
	EndGlobalSection
EndGlobal
